
Microsoft Visual Studio Solution File, Format Version 12.00
# Visual Studio Version 17
VisualStudioVersion = 17.3.32901.215
MinimumVisualStudioVersion = 10.0.40219.1
Project("{9A19103F-16F7-4668-BE54-9A1E7A4F7556}") = "BookingTables.Gateway", "BookingTables.Gateway\BookingTables.Gateway.csproj", "{0F513F1B-F1FE-43B1-ACD0-F9757E6C6AD8}"
EndProject
Project("{E53339B2-1760-4266-BCC7-CA923CBCF16C}") = "docker-compose", "docker-compose.dcproj", "{0DB52DFD-A60C-4BEF-80BB-E2C0BEEB57F2}"
EndProject
Global
	GlobalSection(SolutionConfigurationPlatforms) = preSolution
		Debug|Any CPU = Debug|Any CPU
		Release|Any CPU = Release|Any CPU
	EndGlobalSection
	GlobalSection(ProjectConfigurationPlatforms) = postSolution
		{0F513F1B-F1FE-43B1-ACD0-F9757E6C6AD8}.Debug|Any CPU.ActiveCfg = Debug|Any CPU
		{0F513F1B-F1FE-43B1-ACD0-F9757E6C6AD8}.Debug|Any CPU.Build.0 = Debug|Any CPU
		{0F513F1B-F1FE-43B1-ACD0-F9757E6C6AD8}.Release|Any CPU.ActiveCfg = Release|Any CPU
		{0F513F1B-F1FE-43B1-ACD0-F9757E6C6AD8}.Release|Any CPU.Build.0 = Release|Any CPU
		{0DB52DFD-A60C-4BEF-80BB-E2C0BEEB57F2}.Debug|Any CPU.ActiveCfg = Debug|Any CPU
		{0DB52DFD-A60C-4BEF-80BB-E2C0BEEB57F2}.Debug|Any CPU.Build.0 = Debug|Any CPU
		{0DB52DFD-A60C-4BEF-80BB-E2C0BEEB57F2}.Release|Any CPU.ActiveCfg = Release|Any CPU
		{0DB52DFD-A60C-4BEF-80BB-E2C0BEEB57F2}.Release|Any CPU.Build.0 = Release|Any CPU
	EndGlobalSection
	GlobalSection(SolutionProperties) = preSolution
		HideSolutionNode = FALSE
	EndGlobalSection
	GlobalSection(ExtensibilityGlobals) = postSolution
		SolutionGuid = {44DA9B05-0E53-49DD-AD58-4B374F640857}
	EndGlobalSection
EndGlobal
